
Microsoft Visual Studio Solution File, Format Version 12.00
# Visual Studio Version 17
VisualStudioVersion = 17.10.34928.147
MinimumVisualStudioVersion = 10.0.40219.1
Project("{FAE04EC0-301F-11D3-BF4B-00C04F79EFBC}") = "MotoMarketApi", "MotoMarketApi.csproj", "{AC3420D0-E049-439E-AC62-F2CB012708CD}"
EndProject
Global
	GlobalSection(SolutionConfigurationPlatforms) = preSolution
		Debug|Any CPU = Debug|Any CPU
		Release|Any CPU = Release|Any CPU
	EndGlobalSection
	GlobalSection(ProjectConfigurationPlatforms) = postSolution
		{AC3420D0-E049-439E-AC62-F2CB012708CD}.Debug|Any CPU.ActiveCfg = Debug|Any CPU
		{AC3420D0-E049-439E-AC62-F2CB012708CD}.Debug|Any CPU.Build.0 = Debug|Any CPU
		{AC3420D0-E049-439E-AC62-F2CB012708CD}.Release|Any CPU.ActiveCfg = Release|Any CPU
		{AC3420D0-E049-439E-AC62-F2CB012708CD}.Release|Any CPU.Build.0 = Release|Any CPU
	EndGlobalSection
	GlobalSection(SolutionProperties) = preSolution
		HideSolutionNode = FALSE
	EndGlobalSection
	GlobalSection(ExtensibilityGlobals) = postSolution
		SolutionGuid = {74DCEC36-C5C8-4894-A4F0-CF270DD4F548}
	EndGlobalSection
EndGlobal
